
Microsoft Visual Studio Solution File, Format Version 12.00
# Visual Studio Version 17
VisualStudioVersion = 17.0.31903.59
MinimumVisualStudioVersion = 10.0.40219.1
Project("{2150E333-8FDC-42A3-9474-1A3956D46DE8}") = "src", "src", "{827E0CD3-B72D-47B6-A68D-7590B98EB39B}"
EndProject
Project("{FAE04EC0-301F-11D3-BF4B-00C04F79EFBC}") = "FortressApi", "src\FortressApi\FortressApi.csproj", "{02AAF0CA-A143-4BB0-AE3C-3FEDFF9EB9F7}"
EndProject
Project("{2150E333-8FDC-42A3-9474-1A3956D46DE8}") = "tests", "tests", "{0AB3BF05-4346-4AA6-1389-037BE0695223}"
EndProject
Project("{FAE04EC0-301F-11D3-BF4B-00C04F79EFBC}") = "FortressApi.Tests", "tests\FortressApi.Tests\FortressApi.Tests.csproj", "{6C9557FF-6715-410D-B0F0-9A9501E0C726}"
EndProject
Global
	GlobalSection(SolutionConfigurationPlatforms) = preSolution
		Debug|Any CPU = Debug|Any CPU
		Debug|x64 = Debug|x64
		Debug|x86 = Debug|x86
		Release|Any CPU = Release|Any CPU
		Release|x64 = Release|x64
		Release|x86 = Release|x86
	EndGlobalSection
	GlobalSection(ProjectConfigurationPlatforms) = postSolution
		{02AAF0CA-A143-4BB0-AE3C-3FEDFF9EB9F7}.Debug|Any CPU.ActiveCfg = Debug|Any CPU
		{02AAF0CA-A143-4BB0-AE3C-3FEDFF9EB9F7}.Debug|Any CPU.Build.0 = Debug|Any CPU
		{02AAF0CA-A143-4BB0-AE3C-3FEDFF9EB9F7}.Debug|x64.ActiveCfg = Debug|Any CPU
		{02AAF0CA-A143-4BB0-AE3C-3FEDFF9EB9F7}.Debug|x64.Build.0 = Debug|Any CPU
		{02AAF0CA-A143-4BB0-AE3C-3FEDFF9EB9F7}.Debug|x86.ActiveCfg = Debug|Any CPU
		{02AAF0CA-A143-4BB0-AE3C-3FEDFF9EB9F7}.Debug|x86.Build.0 = Debug|Any CPU
		{02AAF0CA-A143-4BB0-AE3C-3FEDFF9EB9F7}.Release|Any CPU.ActiveCfg = Release|Any CPU
		{02AAF0CA-A143-4BB0-AE3C-3FEDFF9EB9F7}.Release|Any CPU.Build.0 = Release|Any CPU
		{02AAF0CA-A143-4BB0-AE3C-3FEDFF9EB9F7}.Release|x64.ActiveCfg = Release|Any CPU
		{02AAF0CA-A143-4BB0-AE3C-3FEDFF9EB9F7}.Release|x64.Build.0 = Release|Any CPU
		{02AAF0CA-A143-4BB0-AE3C-3FEDFF9EB9F7}.Release|x86.ActiveCfg = Release|Any CPU
		{02AAF0CA-A143-4BB0-AE3C-3FEDFF9EB9F7}.Release|x86.Build.0 = Release|Any CPU
		{6C9557FF-6715-410D-B0F0-9A9501E0C726}.Debug|Any CPU.ActiveCfg = Debug|Any CPU
		{6C9557FF-6715-410D-B0F0-9A9501E0C726}.Debug|Any CPU.Build.0 = Debug|Any CPU
		{6C9557FF-6715-410D-B0F0-9A9501E0C726}.Debug|x64.ActiveCfg = Debug|Any CPU
		{6C9557FF-6715-410D-B0F0-9A9501E0C726}.Debug|x64.Build.0 = Debug|Any CPU
		{6C9557FF-6715-410D-B0F0-9A9501E0C726}.Debug|x86.ActiveCfg = Debug|Any CPU
		{6C9557FF-6715-410D-B0F0-9A9501E0C726}.Debug|x86.Build.0 = Debug|Any CPU
		{6C9557FF-6715-410D-B0F0-9A9501E0C726}.Release|Any CPU.ActiveCfg = Release|Any CPU
		{6C9557FF-6715-410D-B0F0-9A9501E0C726}.Release|Any CPU.Build.0 = Release|Any CPU
		{6C9557FF-6715-410D-B0F0-9A9501E0C726}.Release|x64.ActiveCfg = Release|Any CPU
		{6C9557FF-6715-410D-B0F0-9A9501E0C726}.Release|x64.Build.0 = Release|Any CPU
		{6C9557FF-6715-410D-B0F0-9A9501E0C726}.Release|x86.ActiveCfg = Release|Any CPU
		{6C9557FF-6715-410D-B0F0-9A9501E0C726}.Release|x86.Build.0 = Release|Any CPU
	EndGlobalSection
	GlobalSection(SolutionProperties) = preSolution
		HideSolutionNode = FALSE
	EndGlobalSection
	GlobalSection(NestedProjects) = preSolution
		{02AAF0CA-A143-4BB0-AE3C-3FEDFF9EB9F7} = {827E0CD3-B72D-47B6-A68D-7590B98EB39B}
		{6C9557FF-6715-410D-B0F0-9A9501E0C726} = {0AB3BF05-4346-4AA6-1389-037BE0695223}
	EndGlobalSection
EndGlobal
